// !$*UTF8*$!
{
	archiveVersion = 1;
	classes = {
	};
	objectVersion = 46;
	objects = {

/* Begin PBXBuildFile section */
		C0CEB6701BEA2477000573B9 /* AppDelegate.swift in Sources */ = {isa = PBXBuildFile; fileRef = C0CEB66F1BEA2477000573B9 /* AppDelegate.swift */; };
		C0CEB6721BEA2477000573B9 /* ViewController.swift in Sources */ = {isa = PBXBuildFile; fileRef = C0CEB6711BEA2477000573B9 /* ViewController.swift */; };
		C0CEB6751BEA2477000573B9 /* Main.storyboard in Resources */ = {isa = PBXBuildFile; fileRef = C0CEB6731BEA2477000573B9 /* Main.storyboard */; };
		C0CEB6771BEA2477000573B9 /* Assets.xcassets in Resources */ = {isa = PBXBuildFile; fileRef = C0CEB6761BEA2477000573B9 /* Assets.xcassets */; };
/* End PBXBuildFile section */

/* Begin PBXFileReference section */
		C0CEB66C1BEA2477000573B9 /* PoleTV.app */ = {isa = PBXFileReference; explicitFileType = wrapper.application; includeInIndex = 0; path = PoleTV.app; sourceTree = BUILT_PRODUCTS_DIR; };
		C0CEB66F1BEA2477000573B9 /* AppDelegate.swift */ = {isa = PBXFileReference; lastKnownFileType = sourcecode.swift; path = AppDelegate.swift; sourceTree = "<group>"; };
		C0CEB6711BEA2477000573B9 /* ViewController.swift */ = {isa = PBXFileReference; lastKnownFileType = sourcecode.swift; path = ViewController.swift; sourceTree = "<group>"; };
		C0CEB6741BEA2477000573B9 /* Base */ = {isa = PBXFileReference; lastKnownFileType = file.storyboard; name = Base; path = Base.lproj/Main.storyboard; sourceTree = "<group>"; };
		C0CEB6761BEA2477000573B9 /* Assets.xcassets */ = {isa = PBXFileReference; lastKnownFileType = folder.assetcatalog; path = Assets.xcassets; sourceTree = "<group>"; };
		C0CEB6781BEA2477000573B9 /* Info.plist */ = {isa = PBXFileReference; lastKnownFileType = text.plist.xml; path = Info.plist; sourceTree = "<group>"; };
/* End PBXFileReference section */

/* Begin PBXFrameworksBuildPhase section */
		C0CEB6691BEA2477000573B9 /* Frameworks */ = {
			isa = PBXFrameworksBuildPhase;
			buildActionMask = 2147483647;
			files = (
			);
			runOnlyForDeploymentPostprocessing = 0;
		};
/* End PBXFrameworksBuildPhase section */

/* Begin PBXGroup section */
		C0CEB6631BEA2476000573B9 = {
			isa = PBXGroup;
			children = (
				C0CEB66E1BEA2477000573B9 /* PoleTV */,
				C0CEB66D1BEA2477000573B9 /* Products */,
			);
			sourceTree = "<group>";
		};
		C0CEB66D1BEA2477000573B9 /* Products */ = {
			isa = PBXGroup;
			children = (
				C0CEB66C1BEA2477000573B9 /* PoleTV.app */,
			);
			name = Products;
			sourceTree = "<group>";
		};
		C0CEB66E1BEA2477000573B9 /* PoleTV */ = {
			isa = PBXGroup;
			children = (
				C0CEB66F1BEA2477000573B9 /* AppDelegate.swift */,
				C0CEB6711BEA2477000573B9 /* ViewController.swift */,
				C0CEB6731BEA2477000573B9 /* Main.storyboard */,
				C0CEB6761BEA2477000573B9 /* Assets.xcassets */,
				C0CEB6781BEA2477000573B9 /* Info.plist */,
			);
			path = PoleTV;
			sourceTree = "<group>";
		};
/* End PBXGroup section */

/* Begin PBXNativeTarget section */
		C0CEB66B1BEA2477000573B9 /* PoleTV */ = {
			isa = PBXNativeTarget;
			buildConfigurationList = C0CEB67B1BEA2477000573B9 /* Build configuration list for PBXNativeTarget "PoleTV" */;
			buildPhases = (
				C0CEB6681BEA2477000573B9 /* Sources */,
				C0CEB6691BEA2477000573B9 /* Frameworks */,
				C0CEB66A1BEA2477000573B9 /* Resources */,
			);
			buildRules = (
			);
			dependencies = (
			);
			name = PoleTV;
			productName = PoleTV;
			productReference = C0CEB66C1BEA2477000573B9 /* PoleTV.app */;
			productType = "com.apple.product-type.application";
		};
/* End PBXNativeTarget section */

/* Begin PBXProject section */
		C0CEB6641BEA2477000573B9 /* Project object */ = {
			isa = PBXProject;
			attributes = {
				LastSwiftUpdateCheck = 0710;
				LastUpgradeCheck = 0710;
				ORGANIZATIONNAME = abanet;
				TargetAttributes = {
					C0CEB66B1BEA2477000573B9 = {
						CreatedOnToolsVersion = 7.1;
					};
				};
			};
			buildConfigurationList = C0CEB6671BEA2477000573B9 /* Build configuration list for PBXProject "PoleTV" */;
			compatibilityVersion = "Xcode 3.2";
			developmentRegion = English;
			hasScannedForEncodings = 0;
			knownRegions = (
				en,
				Base,
			);
			mainGroup = C0CEB6631BEA2476000573B9;
			productRefGroup = C0CEB66D1BEA2477000573B9 /* Products */;
			projectDirPath = "";
			projectRoot = "";
			targets = (
				C0CEB66B1BEA2477000573B9 /* PoleTV */,
			);
		};
/* End PBXProject section */

/* Begin PBXResourcesBuildPhase section */
		C0CEB66A1BEA2477000573B9 /* Resources */ = {
			isa = PBXResourcesBuildPhase;
			buildActionMask = 2147483647;
			files = (
				C0CEB6771BEA2477000573B9 /* Assets.xcassets in Resources */,
				C0CEB6751BEA2477000573B9 /* Main.storyboard in Resources */,
			);
			runOnlyForDeploymentPostprocessing = 0;
		};
/* End PBXResourcesBuildPhase section */

/* Begin PBXSourcesBuildPhase section */
		C0CEB6681BEA2477000573B9 /* Sources */ = {
			isa = PBXSourcesBuildPhase;
			buildActionMask = 2147483647;
			files = (
				C0CEB6721BEA2477000573B9 /* ViewController.swift in Sources */,
				C0CEB6701BEA2477000573B9 /* AppDelegate.swift in Sources */,
			);
			runOnlyForDeploymentPostprocessing = 0;
		};
/* End PBXSourcesBuildPhase section */

/* Begin PBXVariantGroup section */
		C0CEB6731BEA2477000573B9 /* Main.storyboard */ = {
			isa = PBXVariantGroup;
			children = (
				C0CEB6741BEA2477000573B9 /* Base */,
			);
			name = Main.storyboard;
			sourceTree = "<group>";
		};
/* End PBXVariantGroup section */

/* Begin XCBuildConfiguration section */
		C0CEB6791BEA2477000573B9 /* Debug */ = {
			isa = XCBuildConfiguration;
			buildSettings = {
				ALWAYS_SEARCH_USER_PATHS = NO;
				CLANG_CXX_LANGUAGE_STANDARD = "gnu++0x";
				CLANG_CXX_LIBRARY = "libc++";
				CLANG_ENABLE_MODULES = YES;
				CLANG_ENABLE_OBJC_ARC = YES;
				CLANG_WARN_BOOL_CONVERSION = YES;
				CLANG_WARN_CONSTANT_CONVERSION = YES;
				CLANG_WARN_DIRECT_OBJC_ISA_USAGE = YES_ERROR;
				CLANG_WARN_EMPTY_BODY = YES;
				CLANG_WARN_ENUM_CONVERSION = YES;
				CLANG_WARN_INT_CONVERSION = YES;
				CLANG_WARN_OBJC_ROOT_CLASS = YES_ERROR;
				CLANG_WARN_UNREACHABLE_CODE = YES;
				CLANG_WARN__DUPLICATE_METHOD_MATCH = YES;
				COPY_PHASE_STRIP = NO;
				DEBUG_INFORMATION_FORMAT = dwarf;
				ENABLE_STRICT_OBJC_MSGSEND = YES;
				ENABLE_TESTABILITY = YES;
				GCC_C_LANGUAGE_STANDARD = gnu99;
				GCC_DYNAMIC_NO_PIC = NO;
				GCC_NO_COMMON_BLOCKS = YES;
				GCC_OPTIMIZATION_LEVEL = 0;
				GCC_PREPROCESSOR_DEFINITIONS = (
					"DEBUG=1",
					"$(inherited)",
				);
				GCC_WARN_64_TO_32_BIT_CONVERSION = YES;
				GCC_WARN_ABOUT_RETURN_TYPE = YES_ERROR;
				GCC_WARN_UNDECLARED_SELECTOR = YES;
				GCC_WARN_UNINITIALIZED_AUTOS = YES_AGGRESSIVE;
				GCC_WARN_UNUSED_FUNCTION = YES;
				GCC_WARN_UNUSED_VARIABLE = YES;
				MTL_ENABLE_DEBUG_INFO = YES;
				ONLY_ACTIVE_ARCH = YES;
				SDKROOT = appletvos;
				SWIFT_OPTIMIZATION_LEVEL = "-Onone";
				TARGETED_DEVICE_FAMILY = 3;
				TVOS_DEPLOYMENT_TARGET = 9.0;
			};
			name = Debug;
		};
		C0CEB67A1BEA2477000573B9 /* Release */ = {
			isa = XCBuildConfiguration;
			buildSettings = {
				ALWAYS_SEARCH_USER_PATHS = NO;
				CLANG_CXX_LANGUAGE_STANDARD = "gnu++0x";
				CLANG_CXX_LIBRARY = "libc++";
				CLANG_ENABLE_MODULES = YES;
				CLANG_ENABLE_OBJC_ARC = YES;
				CLANG_WARN_BOOL_CONVERSION = YES;
				CLANG_WARN_CONSTANT_CONVERSION = YES;
				CLANG_WARN_DIRECT_OBJC_ISA_USAGE = YES_ERROR;
				CLANG_WARN_EMPTY_BODY = YES;
				CLANG_WARN_ENUM_CONVERSION = YES;
				CLANG_WARN_INT_CONVERSION = YES;
				CLANG_WARN_OBJC_ROOT_CLASS = YES_ERROR;
				CLANG_WARN_UNREACHABLE_CODE = YES;
				CLANG_WARN__DUPLICATE_METHOD_MATCH = YES;
				COPY_PHASE_STRIP = NO;
				DEBUG_INFORMATION_FORMAT = "dwarf-with-dsym";
				ENABLE_NS_ASSERTIONS = NO;
				ENABLE_STRICT_OBJC_MSGSEND = YES;
				GCC_C_LANGUAGE_STANDARD = gnu99;
				GCC_NO_COMMON_BLOCKS = YES;
				GCC_WARN_64_TO_32_BIT_CONVERSION = YES;
				GCC_WARN_ABOUT_RETURN_TYPE = YES_ERROR;
				GCC_WARN_UNDECLARED_SELECTOR = YES;
				GCC_WARN_UNINITIALIZED_AUTOS = YES_AGGRESSIVE;
				GCC_WARN_UNUSED_FUNCTION = YES;
				GCC_WARN_UNUSED_VARIABLE = YES;
				MTL_ENABLE_DEBUG_INFO = NO;
				SDKROOT = appletvos;
				TARGETED_DEVICE_FAMILY = 3;
				TVOS_DEPLOYMENT_TARGET = 9.0;
				VALIDATE_PRODUCT = YES;
			};
			name = Release;
		};
		C0CEB67C1BEA2477000573B9 /* Debug */ = {
			isa = XCBuildConfiguration;
			buildSettings = {
				ASSETCATALOG_COMPILER_APPICON_NAME = "App Icon & Top Shelf Image";
				ASSETCATALOG_COMPILER_LAUNCHIMAGE_NAME = LaunchImage;
				INFOPLIST_FILE = PoleTV/Info.plist;
				LD_RUNPATH_SEARCH_PATHS = "$(inherited) @executable_path/Frameworks";
				PRODUCT_BUNDLE_IDENTIFIER = es.todopole.PoleTV;
				PRODUCT_NAME = "$(TARGET_NAME)";
			};
			name = Debug;
		};
		C0CEB67D1BEA2477000573B9 /* Release */ = {
			isa = XCBuildConfiguration;
			buildSettings = {
				ASSETCATALOG_COMPILER_APPICON_NAME = "App Icon & Top Shelf Image";
				ASSETCATALOG_COMPILER_LAUNCHIMAGE_NAME = LaunchImage;
				INFOPLIST_FILE = PoleTV/Info.plist;
				LD_RUNPATH_SEARCH_PATHS = "$(inherited) @executable_path/Frameworks";
				PRODUCT_BUNDLE_IDENTIFIER = es.todopole.PoleTV;
				PRODUCT_NAME = "$(TARGET_NAME)";
			};
			name = Release;
		};
/* End XCBuildConfiguration section */

/* Begin XCConfigurationList section */
		C0CEB6671BEA2477000573B9 /* Build configuration list for PBXProject "PoleTV" */ = {
			isa = XCConfigurationList;
			buildConfigurations = (
				C0CEB6791BEA2477000573B9 /* Debug */,
				C0CEB67A1BEA2477000573B9 /* Release */,
			);
			defaultConfigurationIsVisible = 0;
			defaultConfigurationName = Release;
		};
		C0CEB67B1BEA2477000573B9 /* Build configuration list for PBXNativeTarget "PoleTV" */ = {
			isa = XCConfigurationList;
			buildConfigurations = (
				C0CEB67C1BEA2477000573B9 /* Debug */,
				C0CEB67D1BEA2477000573B9 /* Release */,
			);
			defaultConfigurationIsVisible = 0;
		};
/* End XCConfigurationList section */
	};
	rootObject = C0CEB6641BEA2477000573B9 /* Project object */;
}
